
Microsoft Visual Studio Solution File, Format Version 12.00
# Visual Studio Version 16
VisualStudioVersion = 16.0.30517.126
MinimumVisualStudioVersion = 10.0.40219.1
Project("{FAE04EC0-301F-11D3-BF4B-00C04F79EFBC}") = "DeviceApp", "DeviceApp\DeviceApp.csproj", "{CEA8A439-851F-4100-8428-8E3B7D999A37}"
EndProject
Project("{FAE04EC0-301F-11D3-BF4B-00C04F79EFBC}") = "ServiceApp", "ServiceApp\ServiceApp.csproj", "{19DAF0A9-1026-45B1-98AC-6540DBA911E4}"
EndProject
Global
	GlobalSection(SolutionConfigurationPlatforms) = preSolution
		Debug|Any CPU = Debug|Any CPU
		Release|Any CPU = Release|Any CPU
	EndGlobalSection
	GlobalSection(ProjectConfigurationPlatforms) = postSolution
		{CEA8A439-851F-4100-8428-8E3B7D999A37}.Debug|Any CPU.ActiveCfg = Debug|Any CPU
		{CEA8A439-851F-4100-8428-8E3B7D999A37}.Debug|Any CPU.Build.0 = Debug|Any CPU
		{CEA8A439-851F-4100-8428-8E3B7D999A37}.Release|Any CPU.ActiveCfg = Release|Any CPU
		{CEA8A439-851F-4100-8428-8E3B7D999A37}.Release|Any CPU.Build.0 = Release|Any CPU
		{19DAF0A9-1026-45B1-98AC-6540DBA911E4}.Debug|Any CPU.ActiveCfg = Debug|Any CPU
		{19DAF0A9-1026-45B1-98AC-6540DBA911E4}.Debug|Any CPU.Build.0 = Debug|Any CPU
		{19DAF0A9-1026-45B1-98AC-6540DBA911E4}.Release|Any CPU.ActiveCfg = Release|Any CPU
		{19DAF0A9-1026-45B1-98AC-6540DBA911E4}.Release|Any CPU.Build.0 = Release|Any CPU
	EndGlobalSection
	GlobalSection(SolutionProperties) = preSolution
		HideSolutionNode = FALSE
	EndGlobalSection
	GlobalSection(ExtensibilityGlobals) = postSolution
		SolutionGuid = {07BF9378-56DA-4B10-A2B4-9CD42BC82E51}
	EndGlobalSection
EndGlobal
